
Microsoft Visual Studio Solution File, Format Version 12.00
# Visual Studio 14
VisualStudioVersion = 14.0.25420.1
MinimumVisualStudioVersion = 10.0.40219.1
Project("{FAE04EC0-301F-11D3-BF4B-00C04F79EFBC}") = "Test", "Test\Test.csproj", "{BC4E65C8-4AD8-46BF-9059-CF61C665431A}"
EndProject
Project("{2150E333-8FDC-42A3-9474-1A3956D46DE8}") = "Native", "Native", "{34021BD6-2E96-4258-874F-CF6CFCDDAD09}"
EndProject
Project("{8BC9CEB8-8B4A-11D0-8D11-00A0C91BC942}") = "NativePusher.x64", "DotNetPusher.Native\MediaUtil.x64.vcxproj", "{1F0F7D5D-35FA-48D0-BA38-0EBE1416A991}"
EndProject
Project("{8BC9CEB8-8B4A-11D0-8D11-00A0C91BC942}") = "NativePusher.x86", "DotNetPusher.Native\MediaUtil.x86.vcxproj", "{DB465101-A94A-4B96-AE7B-1EB2D576C956}"
EndProject
Project("{FAE04EC0-301F-11D3-BF4B-00C04F79EFBC}") = "DotNetPusher", "DotNetPusher\DotNetPusher.csproj", "{D90204DA-7055-4276-B696-D7C2B8C80E4B}"
EndProject
Global
	GlobalSection(SolutionConfigurationPlatforms) = preSolution
		Debug|Any CPU = Debug|Any CPU
		Debug|x64 = Debug|x64
		Debug|x86 = Debug|x86
		Release|Any CPU = Release|Any CPU
		Release|x64 = Release|x64
		Release|x86 = Release|x86
	EndGlobalSection
	GlobalSection(ProjectConfigurationPlatforms) = postSolution
		{BC4E65C8-4AD8-46BF-9059-CF61C665431A}.Debug|Any CPU.ActiveCfg = Debug|Any CPU
		{BC4E65C8-4AD8-46BF-9059-CF61C665431A}.Debug|Any CPU.Build.0 = Debug|Any CPU
		{BC4E65C8-4AD8-46BF-9059-CF61C665431A}.Debug|x64.ActiveCfg = Debug|Any CPU
		{BC4E65C8-4AD8-46BF-9059-CF61C665431A}.Debug|x64.Build.0 = Debug|Any CPU
		{BC4E65C8-4AD8-46BF-9059-CF61C665431A}.Debug|x86.ActiveCfg = Debug|Any CPU
		{BC4E65C8-4AD8-46BF-9059-CF61C665431A}.Debug|x86.Build.0 = Debug|Any CPU
		{BC4E65C8-4AD8-46BF-9059-CF61C665431A}.Release|Any CPU.ActiveCfg = Release|Any CPU
		{BC4E65C8-4AD8-46BF-9059-CF61C665431A}.Release|Any CPU.Build.0 = Release|Any CPU
		{BC4E65C8-4AD8-46BF-9059-CF61C665431A}.Release|x64.ActiveCfg = Release|Any CPU
		{BC4E65C8-4AD8-46BF-9059-CF61C665431A}.Release|x64.Build.0 = Release|Any CPU
		{BC4E65C8-4AD8-46BF-9059-CF61C665431A}.Release|x86.ActiveCfg = Release|Any CPU
		{BC4E65C8-4AD8-46BF-9059-CF61C665431A}.Release|x86.Build.0 = Release|Any CPU
		{1F0F7D5D-35FA-48D0-BA38-0EBE1416A991}.Debug|Any CPU.ActiveCfg = Debug|x64
		{1F0F7D5D-35FA-48D0-BA38-0EBE1416A991}.Debug|Any CPU.Build.0 = Debug|x64
		{1F0F7D5D-35FA-48D0-BA38-0EBE1416A991}.Debug|x64.ActiveCfg = Debug|x64
		{1F0F7D5D-35FA-48D0-BA38-0EBE1416A991}.Debug|x64.Build.0 = Debug|x64
		{1F0F7D5D-35FA-48D0-BA38-0EBE1416A991}.Debug|x86.ActiveCfg = Debug|x64
		{1F0F7D5D-35FA-48D0-BA38-0EBE1416A991}.Release|Any CPU.ActiveCfg = Release|x64
		{1F0F7D5D-35FA-48D0-BA38-0EBE1416A991}.Release|Any CPU.Build.0 = Release|x64
		{1F0F7D5D-35FA-48D0-BA38-0EBE1416A991}.Release|x64.ActiveCfg = Release|x64
		{1F0F7D5D-35FA-48D0-BA38-0EBE1416A991}.Release|x64.Build.0 = Release|x64
		{1F0F7D5D-35FA-48D0-BA38-0EBE1416A991}.Release|x86.ActiveCfg = Release|x64
		{DB465101-A94A-4B96-AE7B-1EB2D576C956}.Debug|Any CPU.ActiveCfg = Debug|Win32
		{DB465101-A94A-4B96-AE7B-1EB2D576C956}.Debug|Any CPU.Build.0 = Debug|Win32
		{DB465101-A94A-4B96-AE7B-1EB2D576C956}.Debug|x64.ActiveCfg = Debug|Win32
		{DB465101-A94A-4B96-AE7B-1EB2D576C956}.Debug|x86.ActiveCfg = Debug|Win32
		{DB465101-A94A-4B96-AE7B-1EB2D576C956}.Debug|x86.Build.0 = Debug|Win32
		{DB465101-A94A-4B96-AE7B-1EB2D576C956}.Release|Any CPU.ActiveCfg = Release|Win32
		{DB465101-A94A-4B96-AE7B-1EB2D576C956}.Release|Any CPU.Build.0 = Release|Win32
		{DB465101-A94A-4B96-AE7B-1EB2D576C956}.Release|x64.ActiveCfg = Release|Win32
		{DB465101-A94A-4B96-AE7B-1EB2D576C956}.Release|x86.ActiveCfg = Release|Win32
		{DB465101-A94A-4B96-AE7B-1EB2D576C956}.Release|x86.Build.0 = Release|Win32
		{D90204DA-7055-4276-B696-D7C2B8C80E4B}.Debug|Any CPU.ActiveCfg = Debug|Any CPU
		{D90204DA-7055-4276-B696-D7C2B8C80E4B}.Debug|Any CPU.Build.0 = Debug|Any CPU
		{D90204DA-7055-4276-B696-D7C2B8C80E4B}.Debug|x64.ActiveCfg = Debug|Any CPU
		{D90204DA-7055-4276-B696-D7C2B8C80E4B}.Debug|x64.Build.0 = Debug|Any CPU
		{D90204DA-7055-4276-B696-D7C2B8C80E4B}.Debug|x86.ActiveCfg = Debug|Any CPU
		{D90204DA-7055-4276-B696-D7C2B8C80E4B}.Debug|x86.Build.0 = Debug|Any CPU
		{D90204DA-7055-4276-B696-D7C2B8C80E4B}.Release|Any CPU.ActiveCfg = Release|Any CPU
		{D90204DA-7055-4276-B696-D7C2B8C80E4B}.Release|Any CPU.Build.0 = Release|Any CPU
		{D90204DA-7055-4276-B696-D7C2B8C80E4B}.Release|x64.ActiveCfg = Release|Any CPU
		{D90204DA-7055-4276-B696-D7C2B8C80E4B}.Release|x64.Build.0 = Release|Any CPU
		{D90204DA-7055-4276-B696-D7C2B8C80E4B}.Release|x86.ActiveCfg = Release|Any CPU
		{D90204DA-7055-4276-B696-D7C2B8C80E4B}.Release|x86.Build.0 = Release|Any CPU
	EndGlobalSection
	GlobalSection(SolutionProperties) = preSolution
		HideSolutionNode = FALSE
	EndGlobalSection
	GlobalSection(NestedProjects) = preSolution
		{1F0F7D5D-35FA-48D0-BA38-0EBE1416A991} = {34021BD6-2E96-4258-874F-CF6CFCDDAD09}
		{DB465101-A94A-4B96-AE7B-1EB2D576C956} = {34021BD6-2E96-4258-874F-CF6CFCDDAD09}
	EndGlobalSection
EndGlobal
